// !$*UTF8*$!
{
	archiveVersion = 1;
	classes = {
	};
	objectVersion = 60;
	objects = {

/* Begin PBXBuildFile section */
		2FAD9763203C412B000D30F8 /* config.xml in Resources */ = {isa = PBXBuildFile; fileRef = 2FAD9762203C412B000D30F8 /* config.xml */; };
		4D22ABE92AF431CB00220026 /* CapApp-SPM in Frameworks */ = {isa = PBXBuildFile; productRef = 4D22ABE82AF431CB00220026 /* CapApp-SPM */; };
		50379B232058CBB4000EE86E /* capacitor.config.json in Resources */ = {isa = PBXBuildFile; fileRef = 50379B222058CBB4000EE86E /* capacitor.config.json */; };
		504EC3081FED79650016851F /* AppDelegate.swift in Sources */ = {isa = PBXBuildFile; fileRef = 504EC3071FED79650016851F /* AppDelegate.swift */; };
		504EC30D1FED79650016851F /* Main.storyboard in Resources */ = {isa = PBXBuildFile; fileRef = 504EC30B1FED79650016851F /* Main.storyboard */; };
		504EC30F1FED79650016851F /* Assets.xcassets in Resources */ = {isa = PBXBuildFile; fileRef = 504EC30E1FED79650016851F /* Assets.xcassets */; };
		504EC3121FED79650016851F /* LaunchScreen.storyboard in Resources */ = {isa = PBXBuildFile; fileRef = 504EC3101FED79650016851F /* LaunchScreen.storyboard */; };
		50B271D11FEDC1A000F3C39B /* public in Resources */ = {isa = PBXBuildFile; fileRef = 50B271D01FEDC1A000F3C39B /* public */; };
		B3F83B9A2F5E4E1E9A910001 /* RunningMateBridgeViewController.swift in Sources */ = {isa = PBXBuildFile; fileRef = B3F83B9C2F5E4E1E9A910003 /* RunningMateBridgeViewController.swift */; };
		B3F83B9B2F5E4E1E9A910002 /* RunningMateHealthKitPlugin.swift in Sources */ = {isa = PBXBuildFile; fileRef = B3F83B9D2F5E4E1E9A910004 /* RunningMateHealthKitPlugin.swift */; };
		B3F83B9F2F5E4E1E9A910006 /* RunningMateAuthPlugin.swift in Sources */ = {isa = PBXBuildFile; fileRef = B3F83BA02F5E4E1E9A910007 /* RunningMateAuthPlugin.swift */; };
		B4A100012F65000100000001 /* RunningMateLiveRunAttributes.swift in Sources */ = {isa = PBXBuildFile; fileRef = B4A100102F65000100000010 /* RunningMateLiveRunAttributes.swift */; };
		B4A100022F65000100000002 /* RunningMateLiveActivityController.swift in Sources */ = {isa = PBXBuildFile; fileRef = B4A100112F65000100000011 /* RunningMateLiveActivityController.swift */; };
		B4A100032F65000100000003 /* RunningMateLiveRunAttributes.swift in Sources */ = {isa = PBXBuildFile; fileRef = B4A100102F65000100000010 /* RunningMateLiveRunAttributes.swift */; };
		B4A100042F65000100000004 /* RunMateLiveActivityBundle.swift in Sources */ = {isa = PBXBuildFile; fileRef = B4A100132F65000100000013 /* RunMateLiveActivityBundle.swift */; };
		B4A100052F65000100000005 /* RunMateLiveRunWidget.swift in Sources */ = {isa = PBXBuildFile; fileRef = B4A100142F65000100000014 /* RunMateLiveRunWidget.swift */; };
		B4A100062F65000100000006 /* RunMateLiveActivityExtension.appex in Embed App Extensions */ = {isa = PBXBuildFile; fileRef = B4A100152F65000100000015 /* RunMateLiveActivityExtension.appex */; settings = {ATTRIBUTES = (CodeSignOnCopy, RemoveHeadersOnCopy, ); }; };
		B4A110012F67000100000001 /* RunningMateWidgetStore.swift in Sources */ = {isa = PBXBuildFile; fileRef = B4A110102F67000100000010 /* RunningMateWidgetStore.swift */; };
		B4A110022F67000100000002 /* RunningMateWidgetStore.swift in Sources */ = {isa = PBXBuildFile; fileRef = B4A110102F67000100000010 /* RunningMateWidgetStore.swift */; };
		B4A110032F67000100000003 /* RunMateWeeklyGoalWidget.swift in Sources */ = {isa = PBXBuildFile; fileRef = B4A110112F67000100000011 /* RunMateWeeklyGoalWidget.swift */; };
		B4A200012F66000100000001 /* RunMateWatchApp.swift in Sources */ = {isa = PBXBuildFile; fileRef = B4A200112F66000100000011 /* RunMateWatchApp.swift */; };
		B4A200022F66000100000002 /* RunMateWatchWorkoutManager.swift in Sources */ = {isa = PBXBuildFile; fileRef = B4A200122F66000100000012 /* RunMateWatchWorkoutManager.swift */; };
		B4A200032F66000100000003 /* RunMateWatch.app in Embed Watch Content */ = {isa = PBXBuildFile; fileRef = B4A200142F66000100000014 /* RunMateWatch.app */; settings = {ATTRIBUTES = (CodeSignOnCopy, RemoveHeadersOnCopy, ); }; };
		B4A210012F68000100000001 /* Assets.xcassets in Resources */ = {isa = PBXBuildFile; fileRef = B4A210102F68000100000010 /* Assets.xcassets */; };
		B4A210022F68000100000002 /* watch-icon-notification-38mm@2x.png in Resources */ = {isa = PBXBuildFile; fileRef = B4A210112F68000100000011 /* watch-icon-notification-38mm@2x.png */; };
		B4A210032F68000100000003 /* watch-icon-notification-42mm@2x.png in Resources */ = {isa = PBXBuildFile; fileRef = B4A210122F68000100000012 /* watch-icon-notification-42mm@2x.png */; };
		B4A210042F68000100000004 /* watch-icon-settings@2x.png in Resources */ = {isa = PBXBuildFile; fileRef = B4A210132F68000100000013 /* watch-icon-settings@2x.png */; };
		B4A210052F68000100000005 /* watch-icon-settings@3x.png in Resources */ = {isa = PBXBuildFile; fileRef = B4A210142F68000100000014 /* watch-icon-settings@3x.png */; };
		B4A210062F68000100000006 /* watch-icon-app-launcher@2x.png in Resources */ = {isa = PBXBuildFile; fileRef = B4A210152F68000100000015 /* watch-icon-app-launcher@2x.png */; };
		B4A210082F68000100000008 /* watch-icon-short-look-38mm@2x.png in Resources */ = {isa = PBXBuildFile; fileRef = B4A210172F68000100000017 /* watch-icon-short-look-38mm@2x.png */; };
		B4A210092F68000100000009 /* watch-icon-short-look-42mm@2x.png in Resources */ = {isa = PBXBuildFile; fileRef = B4A210182F68000100000018 /* watch-icon-short-look-42mm@2x.png */; };
		B4A2100A2F6800010000000A /* watch-icon-marketing.png in Resources */ = {isa = PBXBuildFile; fileRef = B4A210192F68000100000019 /* watch-icon-marketing.png */; };
		B4A2100B2F6800010000000B /* watch-icon-long-look-44x44@2x.png in Resources */ = {isa = PBXBuildFile; fileRef = B4A2101A2F6800010000001A /* watch-icon-long-look-44x44@2x.png */; };
		B4A2100C2F6800010000000C /* AppIcon44x44@2x.png in Resources */ = {isa = PBXBuildFile; fileRef = B4A2101B2F6800010000001B /* AppIcon44x44@2x.png */; };
/* End PBXBuildFile section */

/* Begin PBXContainerItemProxy section */
		B4A100502F65000100000050 /* PBXContainerItemProxy */ = {
			isa = PBXContainerItemProxy;
			containerPortal = 504EC2FC1FED79650016851F /* Project object */;
			proxyType = 1;
			remoteGlobalIDString = B4A100402F65000100000040;
			remoteInfo = RunMateLiveActivityExtension;
		};
		B4A200502F66000100000050 /* PBXContainerItemProxy */ = {
			isa = PBXContainerItemProxy;
			containerPortal = 504EC2FC1FED79650016851F /* Project object */;
			proxyType = 1;
			remoteGlobalIDString = B4A200402F66000100000040;
			remoteInfo = RunMateWatch;
		};
/* End PBXContainerItemProxy section */

/* Begin PBXCopyFilesBuildPhase section */
		B4A100332F65000100000033 /* Embed App Extensions */ = {
			isa = PBXCopyFilesBuildPhase;
			buildActionMask = 2147483647;
			dstPath = "";
			dstSubfolderSpec = 13;
			files = (
				B4A100062F65000100000006 /* RunMateLiveActivityExtension.appex in Embed App Extensions */,
			);
			name = "Embed App Extensions";
			runOnlyForDeploymentPostprocessing = 0;
		};
		B4A200332F66000100000033 /* Embed Watch Content */ = {
			isa = PBXCopyFilesBuildPhase;
			buildActionMask = 2147483647;
			dstPath = "$(CONTENTS_FOLDER_PATH)/Watch";
			dstSubfolderSpec = 16;
			files = (
				B4A200032F66000100000003 /* RunMateWatch.app in Embed Watch Content */,
			);
			name = "Embed Watch Content";
			runOnlyForDeploymentPostprocessing = 0;
		};
/* End PBXCopyFilesBuildPhase section */

/* Begin PBXFileReference section */
		2FAD9762203C412B000D30F8 /* config.xml */ = {isa = PBXFileReference; lastKnownFileType = text.xml; path = config.xml; sourceTree = "<group>"; };
		50379B222058CBB4000EE86E /* capacitor.config.json */ = {isa = PBXFileReference; fileEncoding = 4; lastKnownFileType = text.json; path = capacitor.config.json; sourceTree = "<group>"; };
		504EC3041FED79650016851F /* App.app */ = {isa = PBXFileReference; explicitFileType = wrapper.application; includeInIndex = 0; path = App.app; sourceTree = BUILT_PRODUCTS_DIR; };
		504EC3071FED79650016851F /* AppDelegate.swift */ = {isa = PBXFileReference; lastKnownFileType = sourcecode.swift; path = AppDelegate.swift; sourceTree = "<group>"; };
		504EC30C1FED79650016851F /* Base */ = {isa = PBXFileReference; lastKnownFileType = file.storyboard; name = Base; path = Base.lproj/Main.storyboard; sourceTree = "<group>"; };
		504EC30E1FED79650016851F /* Assets.xcassets */ = {isa = PBXFileReference; lastKnownFileType = folder.assetcatalog; path = Assets.xcassets; sourceTree = "<group>"; };
		504EC3111FED79650016851F /* Base */ = {isa = PBXFileReference; lastKnownFileType = file.storyboard; name = Base; path = Base.lproj/LaunchScreen.storyboard; sourceTree = "<group>"; };
		504EC3131FED79650016851F /* Info.plist */ = {isa = PBXFileReference; lastKnownFileType = text.plist.xml; path = Info.plist; sourceTree = "<group>"; };
		50B271D01FEDC1A000F3C39B /* public */ = {isa = PBXFileReference; lastKnownFileType = folder; path = public; sourceTree = "<group>"; };
		958DCC722DB07C7200EA8C5F /* debug.xcconfig */ = {isa = PBXFileReference; lastKnownFileType = text.xcconfig; name = debug.xcconfig; path = ../debug.xcconfig; sourceTree = SOURCE_ROOT; };
		B3F83B9C2F5E4E1E9A910003 /* RunningMateBridgeViewController.swift */ = {isa = PBXFileReference; lastKnownFileType = sourcecode.swift; path = RunningMateBridgeViewController.swift; sourceTree = "<group>"; };
		B3F83B9D2F5E4E1E9A910004 /* RunningMateHealthKitPlugin.swift */ = {isa = PBXFileReference; lastKnownFileType = sourcecode.swift; path = RunningMateHealthKitPlugin.swift; sourceTree = "<group>"; };
		B3F83B9E2F5E4E1E9A910005 /* App.entitlements */ = {isa = PBXFileReference; lastKnownFileType = text.plist.entitlements; path = App.entitlements; sourceTree = "<group>"; };
		B3F83BA02F5E4E1E9A910007 /* RunningMateAuthPlugin.swift */ = {isa = PBXFileReference; lastKnownFileType = sourcecode.swift; path = RunningMateAuthPlugin.swift; sourceTree = "<group>"; };
		B4A100102F65000100000010 /* RunningMateLiveRunAttributes.swift */ = {isa = PBXFileReference; lastKnownFileType = sourcecode.swift; path = RunningMateLiveRunAttributes.swift; sourceTree = "<group>"; };
		B4A100112F65000100000011 /* RunningMateLiveActivityController.swift */ = {isa = PBXFileReference; lastKnownFileType = sourcecode.swift; path = RunningMateLiveActivityController.swift; sourceTree = "<group>"; };
		B4A100122F65000100000012 /* Info.plist */ = {isa = PBXFileReference; lastKnownFileType = text.plist.xml; path = Info.plist; sourceTree = "<group>"; };
		B4A100132F65000100000013 /* RunMateLiveActivityBundle.swift */ = {isa = PBXFileReference; lastKnownFileType = sourcecode.swift; path = RunMateLiveActivityBundle.swift; sourceTree = "<group>"; };
		B4A100142F65000100000014 /* RunMateLiveRunWidget.swift */ = {isa = PBXFileReference; lastKnownFileType = sourcecode.swift; path = RunMateLiveRunWidget.swift; sourceTree = "<group>"; };
		B4A100152F65000100000015 /* RunMateLiveActivityExtension.appex */ = {isa = PBXFileReference; explicitFileType = "wrapper.app-extension"; includeInIndex = 0; path = RunMateLiveActivityExtension.appex; sourceTree = BUILT_PRODUCTS_DIR; };
		B4A110102F67000100000010 /* RunningMateWidgetStore.swift */ = {isa = PBXFileReference; lastKnownFileType = sourcecode.swift; path = RunningMateWidgetStore.swift; sourceTree = "<group>"; };
		B4A110112F67000100000011 /* RunMateWeeklyGoalWidget.swift */ = {isa = PBXFileReference; lastKnownFileType = sourcecode.swift; path = RunMateWeeklyGoalWidget.swift; sourceTree = "<group>"; };
		B4A110122F67000100000012 /* App.entitlements */ = {isa = PBXFileReference; lastKnownFileType = text.plist.entitlements; path = App.entitlements; sourceTree = "<group>"; };
		B4A200102F66000100000010 /* Info.plist */ = {isa = PBXFileReference; lastKnownFileType = text.plist.xml; path = Info.plist; sourceTree = "<group>"; };
		B4A200112F66000100000011 /* RunMateWatchApp.swift */ = {isa = PBXFileReference; lastKnownFileType = sourcecode.swift; path = RunMateWatchApp.swift; sourceTree = "<group>"; };
		B4A200122F66000100000012 /* RunMateWatchWorkoutManager.swift */ = {isa = PBXFileReference; lastKnownFileType = sourcecode.swift; path = RunMateWatchWorkoutManager.swift; sourceTree = "<group>"; };
		B4A200132F66000100000013 /* App.entitlements */ = {isa = PBXFileReference; lastKnownFileType = text.plist.entitlements; path = App.entitlements; sourceTree = "<group>"; };
		B4A200142F66000100000014 /* RunMateWatch.app */ = {isa = PBXFileReference; explicitFileType = wrapper.application; includeInIndex = 0; path = RunMateWatch.app; sourceTree = BUILT_PRODUCTS_DIR; };
		B4A210102F68000100000010 /* Assets.xcassets */ = {isa = PBXFileReference; lastKnownFileType = folder.assetcatalog; path = Assets.xcassets; sourceTree = "<group>"; };
		B4A210112F68000100000011 /* watch-icon-notification-38mm@2x.png */ = {isa = PBXFileReference; lastKnownFileType = image.png; path = "Assets.xcassets/AppIcon.appiconset/watch-icon-notification-38mm@2x.png"; sourceTree = "<group>"; };
		B4A210122F68000100000012 /* watch-icon-notification-42mm@2x.png */ = {isa = PBXFileReference; lastKnownFileType = image.png; path = "Assets.xcassets/AppIcon.appiconset/watch-icon-notification-42mm@2x.png"; sourceTree = "<group>"; };
		B4A210132F68000100000013 /* watch-icon-settings@2x.png */ = {isa = PBXFileReference; lastKnownFileType = image.png; path = "Assets.xcassets/AppIcon.appiconset/watch-icon-settings@2x.png"; sourceTree = "<group>"; };
		B4A210142F68000100000014 /* watch-icon-settings@3x.png */ = {isa = PBXFileReference; lastKnownFileType = image.png; path = "Assets.xcassets/AppIcon.appiconset/watch-icon-settings@3x.png"; sourceTree = "<group>"; };
		B4A210152F68000100000015 /* watch-icon-app-launcher@2x.png */ = {isa = PBXFileReference; lastKnownFileType = image.png; path = "Assets.xcassets/AppIcon.appiconset/watch-icon-app-launcher@2x.png"; sourceTree = "<group>"; };
		B4A210172F68000100000017 /* watch-icon-short-look-38mm@2x.png */ = {isa = PBXFileReference; lastKnownFileType = image.png; path = "Assets.xcassets/AppIcon.appiconset/watch-icon-short-look-38mm@2x.png"; sourceTree = "<group>"; };
		B4A210182F68000100000018 /* watch-icon-short-look-42mm@2x.png */ = {isa = PBXFileReference; lastKnownFileType = image.png; path = "Assets.xcassets/AppIcon.appiconset/watch-icon-short-look-42mm@2x.png"; sourceTree = "<group>"; };
		B4A210192F68000100000019 /* watch-icon-marketing.png */ = {isa = PBXFileReference; lastKnownFileType = image.png; path = "Assets.xcassets/AppIcon.appiconset/watch-icon-marketing.png"; sourceTree = "<group>"; };
		B4A2101A2F6800010000001A /* watch-icon-long-look-44x44@2x.png */ = {isa = PBXFileReference; lastKnownFileType = image.png; path = "WatchIcons/watch-icon-long-look-44x44@2x.png"; sourceTree = "<group>"; };
		B4A2101B2F6800010000001B /* AppIcon44x44@2x.png */ = {isa = PBXFileReference; lastKnownFileType = image.png; path = "Assets.xcassets/AppIcon.appiconset/AppIcon44x44@2x.png"; sourceTree = "<group>"; };
/* End PBXFileReference section */

/* Begin PBXFrameworksBuildPhase section */
		504EC3011FED79650016851F /* Frameworks */ = {
			isa = PBXFrameworksBuildPhase;
			buildActionMask = 2147483647;
			files = (
				4D22ABE92AF431CB00220026 /* CapApp-SPM in Frameworks */,
			);
			runOnlyForDeploymentPostprocessing = 0;
		};
		B4A100312F65000100000031 /* Frameworks */ = {
			isa = PBXFrameworksBuildPhase;
			buildActionMask = 2147483647;
			files = (
			);
			runOnlyForDeploymentPostprocessing = 0;
		};
		B4A200312F66000100000031 /* Frameworks */ = {
			isa = PBXFrameworksBuildPhase;
			buildActionMask = 2147483647;
			files = (
			);
			runOnlyForDeploymentPostprocessing = 0;
		};
/* End PBXFrameworksBuildPhase section */

/* Begin PBXGroup section */
		504EC2FB1FED79650016851F = {
			isa = PBXGroup;
			children = (
				958DCC722DB07C7200EA8C5F /* debug.xcconfig */,
				504EC3061FED79650016851F /* App */,
				B4A100202F65000100000020 /* RunMateLiveActivity */,
				B4A200202F66000100000020 /* RunMateWatch */,
				504EC3051FED79650016851F /* Products */,
			);
			sourceTree = "<group>";
		};
		504EC3051FED79650016851F /* Products */ = {
			isa = PBXGroup;
			children = (
				504EC3041FED79650016851F /* App.app */,
				B4A100152F65000100000015 /* RunMateLiveActivityExtension.appex */,
				B4A200142F66000100000014 /* RunMateWatch.app */,
			);
			name = Products;
			sourceTree = "<group>";
		};
		504EC3061FED79650016851F /* App */ = {
			isa = PBXGroup;
			children = (
				50379B222058CBB4000EE86E /* capacitor.config.json */,
				504EC3071FED79650016851F /* AppDelegate.swift */,
				B3F83B9C2F5E4E1E9A910003 /* RunningMateBridgeViewController.swift */,
				B3F83B9D2F5E4E1E9A910004 /* RunningMateHealthKitPlugin.swift */,
				B4A110102F67000100000010 /* RunningMateWidgetStore.swift */,
				B4A100102F65000100000010 /* RunningMateLiveRunAttributes.swift */,
				B4A100112F65000100000011 /* RunningMateLiveActivityController.swift */,
				B3F83BA02F5E4E1E9A910007 /* RunningMateAuthPlugin.swift */,
				504EC30B1FED79650016851F /* Main.storyboard */,
				504EC30E1FED79650016851F /* Assets.xcassets */,
				504EC3101FED79650016851F /* LaunchScreen.storyboard */,
				504EC3131FED79650016851F /* Info.plist */,
				B3F83B9E2F5E4E1E9A910005 /* App.entitlements */,
				2FAD9762203C412B000D30F8 /* config.xml */,
				50B271D01FEDC1A000F3C39B /* public */,
			);
			path = App;
			sourceTree = "<group>";
		};
		B4A100202F65000100000020 /* RunMateLiveActivity */ = {
			isa = PBXGroup;
			children = (
				B4A100122F65000100000012 /* Info.plist */,
				B4A110122F67000100000012 /* App.entitlements */,
				B4A100132F65000100000013 /* RunMateLiveActivityBundle.swift */,
				B4A100142F65000100000014 /* RunMateLiveRunWidget.swift */,
				B4A110112F67000100000011 /* RunMateWeeklyGoalWidget.swift */,
			);
			path = RunMateLiveActivity;
			sourceTree = "<group>";
		};
		B4A200202F66000100000020 /* RunMateWatch */ = {
			isa = PBXGroup;
			children = (
				B4A200102F66000100000010 /* Info.plist */,
				B4A200132F66000100000013 /* App.entitlements */,
				B4A210102F68000100000010 /* Assets.xcassets */,
				B4A210112F68000100000011 /* watch-icon-notification-38mm@2x.png */,
				B4A210122F68000100000012 /* watch-icon-notification-42mm@2x.png */,
				B4A210132F68000100000013 /* watch-icon-settings@2x.png */,
				B4A210142F68000100000014 /* watch-icon-settings@3x.png */,
				B4A210152F68000100000015 /* watch-icon-app-launcher@2x.png */,
				B4A2101B2F6800010000001B /* AppIcon44x44@2x.png */,
				B4A2101A2F6800010000001A /* watch-icon-long-look-44x44@2x.png */,
				B4A210172F68000100000017 /* watch-icon-short-look-38mm@2x.png */,
				B4A210182F68000100000018 /* watch-icon-short-look-42mm@2x.png */,
				B4A210192F68000100000019 /* watch-icon-marketing.png */,
				B4A200112F66000100000011 /* RunMateWatchApp.swift */,
				B4A200122F66000100000012 /* RunMateWatchWorkoutManager.swift */,
			);
			path = RunMateWatch;
			sourceTree = "<group>";
		};
/* End PBXGroup section */

/* Begin PBXNativeTarget section */
		504EC3031FED79650016851F /* App */ = {
			isa = PBXNativeTarget;
			buildConfigurationList = 504EC3161FED79650016851F /* Build configuration list for PBXNativeTarget "App" */;
			buildPhases = (
				504EC3001FED79650016851F /* Sources */,
				504EC3011FED79650016851F /* Frameworks */,
				504EC3021FED79650016851F /* Resources */,
				B4A100332F65000100000033 /* Embed App Extensions */,
				B4A200332F66000100000033 /* Embed Watch Content */,
			);
			buildRules = (
			);
			dependencies = (
				B4A100512F65000100000051 /* PBXTargetDependency */,
				B4A200512F66000100000051 /* PBXTargetDependency */,
			);
			name = App;
			packageProductDependencies = (
				4D22ABE82AF431CB00220026 /* CapApp-SPM */,
			);
			productName = App;
			productReference = 504EC3041FED79650016851F /* App.app */;
			productType = "com.apple.product-type.application";
		};
		B4A100402F65000100000040 /* RunMateLiveActivityExtension */ = {
			isa = PBXNativeTarget;
			buildConfigurationList = B4A100622F65000100000062 /* Build configuration list for PBXNativeTarget "RunMateLiveActivityExtension" */;
			buildPhases = (
				B4A100302F65000100000030 /* Sources */,
				B4A100312F65000100000031 /* Frameworks */,
				B4A100322F65000100000032 /* Resources */,
			);
			buildRules = (
			);
			dependencies = (
			);
			name = RunMateLiveActivityExtension;
			productName = RunMateLiveActivityExtension;
			productReference = B4A100152F65000100000015 /* RunMateLiveActivityExtension.appex */;
			productType = "com.apple.product-type.app-extension";
		};
		B4A200402F66000100000040 /* RunMateWatch */ = {
			isa = PBXNativeTarget;
			buildConfigurationList = B4A200622F66000100000062 /* Build configuration list for PBXNativeTarget "RunMateWatch" */;
			buildPhases = (
				B4A200302F66000100000030 /* Sources */,
				B4A200312F66000100000031 /* Frameworks */,
				B4A200322F66000100000032 /* Resources */,
			);
			buildRules = (
			);
			dependencies = (
			);
			name = RunMateWatch;
			productName = RunMateWatch;
			productReference = B4A200142F66000100000014 /* RunMateWatch.app */;
			productType = "com.apple.product-type.application";
		};
/* End PBXNativeTarget section */

/* Begin PBXProject section */
		504EC2FC1FED79650016851F /* Project object */ = {
			isa = PBXProject;
			attributes = {
				LastSwiftUpdateCheck = 0920;
				LastUpgradeCheck = 0920;
				TargetAttributes = {
					504EC3031FED79650016851F = {
						CreatedOnToolsVersion = 9.2;
						LastSwiftMigration = 1100;
						ProvisioningStyle = Automatic;
					};
					B4A100402F65000100000040 = {
						CreatedOnToolsVersion = 17.0;
						ProvisioningStyle = Automatic;
					};
					B4A200402F66000100000040 = {
						CreatedOnToolsVersion = 17.0;
						ProvisioningStyle = Automatic;
						SystemCapabilities = {
							com.apple.HealthKit = {
								enabled = 1;
							};
						};
					};
				};
			};
			buildConfigurationList = 504EC2FF1FED79650016851F /* Build configuration list for PBXProject "App" */;
			compatibilityVersion = "Xcode 8.0";
			developmentRegion = en;
			hasScannedForEncodings = 0;
			knownRegions = (
				en,
				Base,
			);
			mainGroup = 504EC2FB1FED79650016851F;
			packageReferences = (
				D4C12C0A2AAA248700AAC8A2 /* XCLocalSwiftPackageReference "CapApp-SPM" */,
			);
			productRefGroup = 504EC3051FED79650016851F /* Products */;
			projectDirPath = "";
			projectRoot = "";
			targets = (
				504EC3031FED79650016851F /* App */,
				B4A100402F65000100000040 /* RunMateLiveActivityExtension */,
				B4A200402F66000100000040 /* RunMateWatch */,
			);
		};
/* End PBXProject section */

/* Begin PBXResourcesBuildPhase section */
		504EC3021FED79650016851F /* Resources */ = {
			isa = PBXResourcesBuildPhase;
			buildActionMask = 2147483647;
			files = (
				504EC3121FED79650016851F /* LaunchScreen.storyboard in Resources */,
				50B271D11FEDC1A000F3C39B /* public in Resources */,
				504EC30F1FED79650016851F /* Assets.xcassets in Resources */,
				50379B232058CBB4000EE86E /* capacitor.config.json in Resources */,
				504EC30D1FED79650016851F /* Main.storyboard in Resources */,
				2FAD9763203C412B000D30F8 /* config.xml in Resources */,
			);
			runOnlyForDeploymentPostprocessing = 0;
		};
		B4A100322F65000100000032 /* Resources */ = {
			isa = PBXResourcesBuildPhase;
			buildActionMask = 2147483647;
			files = (
			);
			runOnlyForDeploymentPostprocessing = 0;
		};
		B4A200322F66000100000032 /* Resources */ = {
			isa = PBXResourcesBuildPhase;
			buildActionMask = 2147483647;
			files = (
				B4A210012F68000100000001 /* Assets.xcassets in Resources */,
				B4A210022F68000100000002 /* watch-icon-notification-38mm@2x.png in Resources */,
				B4A210032F68000100000003 /* watch-icon-notification-42mm@2x.png in Resources */,
				B4A210042F68000100000004 /* watch-icon-settings@2x.png in Resources */,
				B4A210052F68000100000005 /* watch-icon-settings@3x.png in Resources */,
				B4A210062F68000100000006 /* watch-icon-app-launcher@2x.png in Resources */,
				B4A2100C2F6800010000000C /* AppIcon44x44@2x.png in Resources */,
				B4A2100B2F6800010000000B /* watch-icon-long-look-44x44@2x.png in Resources */,
				B4A210082F68000100000008 /* watch-icon-short-look-38mm@2x.png in Resources */,
				B4A210092F68000100000009 /* watch-icon-short-look-42mm@2x.png in Resources */,
				B4A2100A2F6800010000000A /* watch-icon-marketing.png in Resources */,
			);
			runOnlyForDeploymentPostprocessing = 0;
		};
/* End PBXResourcesBuildPhase section */

/* Begin PBXSourcesBuildPhase section */
		504EC3001FED79650016851F /* Sources */ = {
			isa = PBXSourcesBuildPhase;
			buildActionMask = 2147483647;
			files = (
				504EC3081FED79650016851F /* AppDelegate.swift in Sources */,
				B3F83B9A2F5E4E1E9A910001 /* RunningMateBridgeViewController.swift in Sources */,
				B3F83B9B2F5E4E1E9A910002 /* RunningMateHealthKitPlugin.swift in Sources */,
				B4A110012F67000100000001 /* RunningMateWidgetStore.swift in Sources */,
				B4A100012F65000100000001 /* RunningMateLiveRunAttributes.swift in Sources */,
				B4A100022F65000100000002 /* RunningMateLiveActivityController.swift in Sources */,
				B3F83B9F2F5E4E1E9A910006 /* RunningMateAuthPlugin.swift in Sources */,
			);
			runOnlyForDeploymentPostprocessing = 0;
		};
		B4A100302F65000100000030 /* Sources */ = {
			isa = PBXSourcesBuildPhase;
			buildActionMask = 2147483647;
			files = (
				B4A100032F65000100000003 /* RunningMateLiveRunAttributes.swift in Sources */,
				B4A100042F65000100000004 /* RunMateLiveActivityBundle.swift in Sources */,
				B4A100052F65000100000005 /* RunMateLiveRunWidget.swift in Sources */,
				B4A110022F67000100000002 /* RunningMateWidgetStore.swift in Sources */,
				B4A110032F67000100000003 /* RunMateWeeklyGoalWidget.swift in Sources */,
			);
			runOnlyForDeploymentPostprocessing = 0;
		};
		B4A200302F66000100000030 /* Sources */ = {
			isa = PBXSourcesBuildPhase;
			buildActionMask = 2147483647;
			files = (
				B4A200012F66000100000001 /* RunMateWatchApp.swift in Sources */,
				B4A200022F66000100000002 /* RunMateWatchWorkoutManager.swift in Sources */,
			);
			runOnlyForDeploymentPostprocessing = 0;
		};
/* End PBXSourcesBuildPhase section */

/* Begin PBXTargetDependency section */
		B4A100512F65000100000051 /* PBXTargetDependency */ = {
			isa = PBXTargetDependency;
			target = B4A100402F65000100000040 /* RunMateLiveActivityExtension */;
			targetProxy = B4A100502F65000100000050 /* PBXContainerItemProxy */;
		};
		B4A200512F66000100000051 /* PBXTargetDependency */ = {
			isa = PBXTargetDependency;
			target = B4A200402F66000100000040 /* RunMateWatch */;
			targetProxy = B4A200502F66000100000050 /* PBXContainerItemProxy */;
		};
/* End PBXTargetDependency section */

/* Begin PBXVariantGroup section */
		504EC30B1FED79650016851F /* Main.storyboard */ = {
			isa = PBXVariantGroup;
			children = (
				504EC30C1FED79650016851F /* Base */,
			);
			name = Main.storyboard;
			sourceTree = "<group>";
		};
		504EC3101FED79650016851F /* LaunchScreen.storyboard */ = {
			isa = PBXVariantGroup;
			children = (
				504EC3111FED79650016851F /* Base */,
			);
			name = LaunchScreen.storyboard;
			sourceTree = "<group>";
		};
/* End PBXVariantGroup section */

/* Begin XCBuildConfiguration section */
		504EC3141FED79650016851F /* Debug */ = {
			isa = XCBuildConfiguration;
			baseConfigurationReference = 958DCC722DB07C7200EA8C5F /* debug.xcconfig */;
			buildSettings = {
				ALWAYS_SEARCH_USER_PATHS = NO;
				CLANG_ANALYZER_NONNULL = YES;
				CLANG_ANALYZER_NUMBER_OBJECT_CONVERSION = YES_AGGRESSIVE;
				CLANG_CXX_LANGUAGE_STANDARD = "gnu++14";
				CLANG_CXX_LIBRARY = "libc++";
				CLANG_ENABLE_MODULES = YES;
				CLANG_ENABLE_OBJC_ARC = YES;
				CLANG_WARN_BLOCK_CAPTURE_AUTORELEASING = YES;
				CLANG_WARN_BOOL_CONVERSION = YES;
				CLANG_WARN_COMMA = YES;
				CLANG_WARN_CONSTANT_CONVERSION = YES;
				CLANG_WARN_DIRECT_OBJC_ISA_USAGE = YES_ERROR;
				CLANG_WARN_DOCUMENTATION_COMMENTS = YES;
				CLANG_WARN_EMPTY_BODY = YES;
				CLANG_WARN_ENUM_CONVERSION = YES;
				CLANG_WARN_INFINITE_RECURSION = YES;
				CLANG_WARN_INT_CONVERSION = YES;
				CLANG_WARN_NON_LITERAL_NULL_CONVERSION = YES;
				CLANG_WARN_OBJC_LITERAL_CONVERSION = YES;
				CLANG_WARN_OBJC_ROOT_CLASS = YES_ERROR;
				CLANG_WARN_RANGE_LOOP_ANALYSIS = YES;
				CLANG_WARN_STRICT_PROTOTYPES = YES;
				CLANG_WARN_SUSPICIOUS_MOVE = YES;
				CLANG_WARN_UNGUARDED_AVAILABILITY = YES_AGGRESSIVE;
				CLANG_WARN_UNREACHABLE_CODE = YES;
				CLANG_WARN__DUPLICATE_METHOD_MATCH = YES;
				CODE_SIGN_IDENTITY = "iPhone Developer";
				COPY_PHASE_STRIP = NO;
				DEBUG_INFORMATION_FORMAT = dwarf;
				ENABLE_STRICT_OBJC_MSGSEND = YES;
				ENABLE_TESTABILITY = YES;
				GCC_C_LANGUAGE_STANDARD = gnu11;
				GCC_DYNAMIC_NO_PIC = NO;
				GCC_NO_COMMON_BLOCKS = YES;
				GCC_OPTIMIZATION_LEVEL = 0;
				GCC_PREPROCESSOR_DEFINITIONS = (
					"DEBUG=1",
					"$(inherited)",
				);
				GCC_WARN_64_TO_32_BIT_CONVERSION = YES;
				GCC_WARN_ABOUT_RETURN_TYPE = YES_ERROR;
				GCC_WARN_UNDECLARED_SELECTOR = YES;
				GCC_WARN_UNINITIALIZED_AUTOS = YES_AGGRESSIVE;
				GCC_WARN_UNUSED_FUNCTION = YES;
				GCC_WARN_UNUSED_VARIABLE = YES;
				IPHONEOS_DEPLOYMENT_TARGET = 15.0;
				MTL_ENABLE_DEBUG_INFO = YES;
				ONLY_ACTIVE_ARCH = YES;
				SDKROOT = iphoneos;
				SWIFT_ACTIVE_COMPILATION_CONDITIONS = DEBUG;
				SWIFT_OPTIMIZATION_LEVEL = "-Onone";
			};
			name = Debug;
		};
		504EC3151FED79650016851F /* Release */ = {
			isa = XCBuildConfiguration;
			buildSettings = {
				ALWAYS_SEARCH_USER_PATHS = NO;
				CLANG_ANALYZER_NONNULL = YES;
				CLANG_ANALYZER_NUMBER_OBJECT_CONVERSION = YES_AGGRESSIVE;
				CLANG_CXX_LANGUAGE_STANDARD = "gnu++14";
				CLANG_CXX_LIBRARY = "libc++";
				CLANG_ENABLE_MODULES = YES;
				CLANG_ENABLE_OBJC_ARC = YES;
				CLANG_WARN_BLOCK_CAPTURE_AUTORELEASING = YES;
				CLANG_WARN_BOOL_CONVERSION = YES;
				CLANG_WARN_COMMA = YES;
				CLANG_WARN_CONSTANT_CONVERSION = YES;
				CLANG_WARN_DIRECT_OBJC_ISA_USAGE = YES_ERROR;
				CLANG_WARN_DOCUMENTATION_COMMENTS = YES;
				CLANG_WARN_EMPTY_BODY = YES;
				CLANG_WARN_ENUM_CONVERSION = YES;
				CLANG_WARN_INFINITE_RECURSION = YES;
				CLANG_WARN_INT_CONVERSION = YES;
				CLANG_WARN_NON_LITERAL_NULL_CONVERSION = YES;
				CLANG_WARN_OBJC_LITERAL_CONVERSION = YES;
				CLANG_WARN_OBJC_ROOT_CLASS = YES_ERROR;
				CLANG_WARN_RANGE_LOOP_ANALYSIS = YES;
				CLANG_WARN_STRICT_PROTOTYPES = YES;
				CLANG_WARN_SUSPICIOUS_MOVE = YES;
				CLANG_WARN_UNGUARDED_AVAILABILITY = YES_AGGRESSIVE;
				CLANG_WARN_UNREACHABLE_CODE = YES;
				CLANG_WARN__DUPLICATE_METHOD_MATCH = YES;
				CODE_SIGN_IDENTITY = "iPhone Developer";
				COPY_PHASE_STRIP = NO;
				DEBUG_INFORMATION_FORMAT = "dwarf-with-dsym";
				ENABLE_NS_ASSERTIONS = NO;
				ENABLE_STRICT_OBJC_MSGSEND = YES;
				GCC_C_LANGUAGE_STANDARD = gnu11;
				GCC_NO_COMMON_BLOCKS = YES;
				GCC_WARN_64_TO_32_BIT_CONVERSION = YES;
				GCC_WARN_ABOUT_RETURN_TYPE = YES_ERROR;
				GCC_WARN_UNDECLARED_SELECTOR = YES;
				GCC_WARN_UNINITIALIZED_AUTOS = YES_AGGRESSIVE;
				GCC_WARN_UNUSED_FUNCTION = YES;
				GCC_WARN_UNUSED_VARIABLE = YES;
				IPHONEOS_DEPLOYMENT_TARGET = 15.0;
				MTL_ENABLE_DEBUG_INFO = NO;
				SDKROOT = iphoneos;
				SWIFT_COMPILATION_MODE = wholemodule;
				SWIFT_OPTIMIZATION_LEVEL = "-O";
				VALIDATE_PRODUCT = YES;
			};
			name = Release;
		};
		504EC3171FED79650016851F /* Debug */ = {
			isa = XCBuildConfiguration;
			baseConfigurationReference = 958DCC722DB07C7200EA8C5F /* debug.xcconfig */;
			buildSettings = {
				ASSETCATALOG_COMPILER_APPICON_NAME = AppIcon;
				CODE_SIGN_ENTITLEMENTS = App/App.entitlements;
				CODE_SIGN_STYLE = Automatic;
				CURRENT_PROJECT_VERSION = 1;
				DEVELOPMENT_TEAM = 7DWCMD5XPA;
				INFOPLIST_FILE = App/Info.plist;
				IPHONEOS_DEPLOYMENT_TARGET = 15.0;
				LD_RUNPATH_SEARCH_PATHS = (
					"$(inherited)",
					"@executable_path/Frameworks",
				);
				MARKETING_VERSION = 1.0;
				OTHER_SWIFT_FLAGS = "$(inherited) \"-D\" \"COCOAPODS\" \"-DDEBUG\"";
				PRODUCT_BUNDLE_IDENTIFIER = com.myrunningmate.run;
				PRODUCT_NAME = "$(TARGET_NAME)";
				SWIFT_ACTIVE_COMPILATION_CONDITIONS = DEBUG;
				SWIFT_VERSION = 5.0;
				TARGETED_DEVICE_FAMILY = "1,2";
			};
			name = Debug;
		};
		504EC3181FED79650016851F /* Release */ = {
			isa = XCBuildConfiguration;
			buildSettings = {
				ASSETCATALOG_COMPILER_APPICON_NAME = AppIcon;
				CODE_SIGN_ENTITLEMENTS = App/App.entitlements;
				CODE_SIGN_STYLE = Automatic;
				CURRENT_PROJECT_VERSION = 1;
				DEVELOPMENT_TEAM = 7DWCMD5XPA;
				INFOPLIST_FILE = App/Info.plist;
				IPHONEOS_DEPLOYMENT_TARGET = 15.0;
				LD_RUNPATH_SEARCH_PATHS = (
					"$(inherited)",
					"@executable_path/Frameworks",
				);
				MARKETING_VERSION = 1.0;
				PRODUCT_BUNDLE_IDENTIFIER = com.myrunningmate.run;
				PRODUCT_NAME = "$(TARGET_NAME)";
				SWIFT_ACTIVE_COMPILATION_CONDITIONS = "";
				SWIFT_VERSION = 5.0;
				TARGETED_DEVICE_FAMILY = "1,2";
			};
			name = Release;
		};
		B4A100602F65000100000060 /* Debug */ = {
			isa = XCBuildConfiguration;
			buildSettings = {
				APPLICATION_EXTENSION_API_ONLY = YES;
				CODE_SIGN_ENTITLEMENTS = RunMateLiveActivity/App.entitlements;
				CODE_SIGN_STYLE = Automatic;
				CURRENT_PROJECT_VERSION = 1;
				DEVELOPMENT_TEAM = 7DWCMD5XPA;
				INFOPLIST_FILE = RunMateLiveActivity/Info.plist;
				IPHONEOS_DEPLOYMENT_TARGET = 16.1;
				LD_RUNPATH_SEARCH_PATHS = (
					"$(inherited)",
					"@executable_path/Frameworks",
					"@executable_path/../../Frameworks",
				);
				MARKETING_VERSION = 1.0;
				PRODUCT_BUNDLE_IDENTIFIER = com.myrunningmate.run.liveactivity;
				PRODUCT_NAME = "$(TARGET_NAME)";
				SKIP_INSTALL = YES;
				SWIFT_ACTIVE_COMPILATION_CONDITIONS = DEBUG;
				SWIFT_VERSION = 5.0;
				TARGETED_DEVICE_FAMILY = "1,2";
			};
			name = Debug;
		};
		B4A100612F65000100000061 /* Release */ = {
			isa = XCBuildConfiguration;
			buildSettings = {
				APPLICATION_EXTENSION_API_ONLY = YES;
				CODE_SIGN_ENTITLEMENTS = RunMateLiveActivity/App.entitlements;
				CODE_SIGN_STYLE = Automatic;
				CURRENT_PROJECT_VERSION = 1;
				DEVELOPMENT_TEAM = 7DWCMD5XPA;
				INFOPLIST_FILE = RunMateLiveActivity/Info.plist;
				IPHONEOS_DEPLOYMENT_TARGET = 16.1;
				LD_RUNPATH_SEARCH_PATHS = (
					"$(inherited)",
					"@executable_path/Frameworks",
					"@executable_path/../../Frameworks",
				);
				MARKETING_VERSION = 1.0;
				PRODUCT_BUNDLE_IDENTIFIER = com.myrunningmate.run.liveactivity;
				PRODUCT_NAME = "$(TARGET_NAME)";
				SKIP_INSTALL = YES;
				SWIFT_ACTIVE_COMPILATION_CONDITIONS = "";
				SWIFT_VERSION = 5.0;
				TARGETED_DEVICE_FAMILY = "1,2";
			};
			name = Release;
		};
		B4A200602F66000100000060 /* Debug */ = {
			isa = XCBuildConfiguration;
			buildSettings = {
				ASSETCATALOG_COMPILER_APPICON_NAME = AppIcon;
				CODE_SIGN_ENTITLEMENTS = RunMateWatch/App.entitlements;
				CODE_SIGN_STYLE = Automatic;
				CURRENT_PROJECT_VERSION = 1;
				DEVELOPMENT_TEAM = 7DWCMD5XPA;
				GENERATE_INFOPLIST_FILE = NO;
				INFOPLIST_FILE = RunMateWatch/Info.plist;
				LD_RUNPATH_SEARCH_PATHS = (
					"$(inherited)",
					"@executable_path/Frameworks",
				);
				MARKETING_VERSION = 1.0;
				PRODUCT_BUNDLE_IDENTIFIER = com.myrunningmate.run.watchkitapp;
				PRODUCT_NAME = RunMateWatch;
				SDKROOT = watchos;
				SKIP_INSTALL = YES;
				SUPPORTED_PLATFORMS = "watchos watchsimulator";
				SWIFT_ACTIVE_COMPILATION_CONDITIONS = DEBUG;
				SWIFT_VERSION = 5.0;
				TARGETED_DEVICE_FAMILY = 4;
				WATCHOS_DEPLOYMENT_TARGET = 10.0;
			};
			name = Debug;
		};
		B4A200612F66000100000061 /* Release */ = {
			isa = XCBuildConfiguration;
			buildSettings = {
				ASSETCATALOG_COMPILER_APPICON_NAME = AppIcon;
				CODE_SIGN_ENTITLEMENTS = RunMateWatch/App.entitlements;
				CODE_SIGN_STYLE = Automatic;
				CURRENT_PROJECT_VERSION = 1;
				DEVELOPMENT_TEAM = 7DWCMD5XPA;
				GENERATE_INFOPLIST_FILE = NO;
				INFOPLIST_FILE = RunMateWatch/Info.plist;
				LD_RUNPATH_SEARCH_PATHS = (
					"$(inherited)",
					"@executable_path/Frameworks",
				);
				MARKETING_VERSION = 1.0;
				PRODUCT_BUNDLE_IDENTIFIER = com.myrunningmate.run.watchkitapp;
				PRODUCT_NAME = RunMateWatch;
				SDKROOT = watchos;
				SKIP_INSTALL = YES;
				SUPPORTED_PLATFORMS = "watchos watchsimulator";
				SWIFT_ACTIVE_COMPILATION_CONDITIONS = "";
				SWIFT_VERSION = 5.0;
				TARGETED_DEVICE_FAMILY = 4;
				WATCHOS_DEPLOYMENT_TARGET = 10.0;
			};
			name = Release;
		};
/* End XCBuildConfiguration section */

/* Begin XCConfigurationList section */
		504EC2FF1FED79650016851F /* Build configuration list for PBXProject "App" */ = {
			isa = XCConfigurationList;
			buildConfigurations = (
				504EC3141FED79650016851F /* Debug */,
				504EC3151FED79650016851F /* Release */,
			);
			defaultConfigurationIsVisible = 0;
			defaultConfigurationName = Release;
		};
		504EC3161FED79650016851F /* Build configuration list for PBXNativeTarget "App" */ = {
			isa = XCConfigurationList;
			buildConfigurations = (
				504EC3171FED79650016851F /* Debug */,
				504EC3181FED79650016851F /* Release */,
			);
			defaultConfigurationIsVisible = 0;
			defaultConfigurationName = Release;
		};
		B4A100622F65000100000062 /* Build configuration list for PBXNativeTarget "RunMateLiveActivityExtension" */ = {
			isa = XCConfigurationList;
			buildConfigurations = (
				B4A100602F65000100000060 /* Debug */,
				B4A100612F65000100000061 /* Release */,
			);
			defaultConfigurationIsVisible = 0;
			defaultConfigurationName = Release;
		};
		B4A200622F66000100000062 /* Build configuration list for PBXNativeTarget "RunMateWatch" */ = {
			isa = XCConfigurationList;
			buildConfigurations = (
				B4A200602F66000100000060 /* Debug */,
				B4A200612F66000100000061 /* Release */,
			);
			defaultConfigurationIsVisible = 0;
			defaultConfigurationName = Release;
		};
/* End XCConfigurationList section */

/* Begin XCLocalSwiftPackageReference section */
		D4C12C0A2AAA248700AAC8A2 /* XCLocalSwiftPackageReference "CapApp-SPM" */ = {
			isa = XCLocalSwiftPackageReference;
			relativePath = "CapApp-SPM";
		};
/* End XCLocalSwiftPackageReference section */

/* Begin XCSwiftPackageProductDependency section */
		4D22ABE82AF431CB00220026 /* CapApp-SPM */ = {
			isa = XCSwiftPackageProductDependency;
			package = D4C12C0A2AAA248700AAC8A2 /* XCLocalSwiftPackageReference "CapApp-SPM" */;
			productName = "CapApp-SPM";
		};
/* End XCSwiftPackageProductDependency section */
	};
	rootObject = 504EC2FC1FED79650016851F /* Project object */;
}
